
Microsoft Visual Studio Solution File, Format Version 12.00
# Visual Studio Version 17
VisualStudioVersion = 17.7.34031.279
MinimumVisualStudioVersion = 10.0.40219.1
Project("{2150E333-8FDC-42A3-9474-1A3956D46DE8}") = "Ilk_Ay", "Ilk_Ay", "{089A80CA-2518-4C5A-9D24-8FD5FD464257}"
EndProject
Project("{2150E333-8FDC-42A3-9474-1A3956D46DE8}") = "Ilk_Hafta", "Ilk_Hafta", "{6C09559A-8984-4E4A-9BD5-1A7D394A9DB2}"
EndProject
Project("{9A19103F-16F7-4668-BE54-9A1E7A4F7556}") = "06.10.23", "06.10.23\06.10.23.csproj", "{80E0FFE1-3509-48BD-B301-7BBCB2E523EF}"
EndProject
Project("{FAE04EC0-301F-11D3-BF4B-00C04F79EFBC}") = "09.10.23", "09.10.23\09.10.23.csproj", "{7EF50FC2-E991-4C2C-A923-B5DA32500036}"
EndProject
Global
	GlobalSection(SolutionConfigurationPlatforms) = preSolution
		Debug|Any CPU = Debug|Any CPU
		Release|Any CPU = Release|Any CPU
	EndGlobalSection
	GlobalSection(ProjectConfigurationPlatforms) = postSolution
		{80E0FFE1-3509-48BD-B301-7BBCB2E523EF}.Debug|Any CPU.ActiveCfg = Debug|Any CPU
		{80E0FFE1-3509-48BD-B301-7BBCB2E523EF}.Debug|Any CPU.Build.0 = Debug|Any CPU
		{80E0FFE1-3509-48BD-B301-7BBCB2E523EF}.Release|Any CPU.ActiveCfg = Release|Any CPU
		{80E0FFE1-3509-48BD-B301-7BBCB2E523EF}.Release|Any CPU.Build.0 = Release|Any CPU
		{7EF50FC2-E991-4C2C-A923-B5DA32500036}.Debug|Any CPU.ActiveCfg = Debug|Any CPU
		{7EF50FC2-E991-4C2C-A923-B5DA32500036}.Debug|Any CPU.Build.0 = Debug|Any CPU
		{7EF50FC2-E991-4C2C-A923-B5DA32500036}.Release|Any CPU.ActiveCfg = Release|Any CPU
		{7EF50FC2-E991-4C2C-A923-B5DA32500036}.Release|Any CPU.Build.0 = Release|Any CPU
	EndGlobalSection
	GlobalSection(SolutionProperties) = preSolution
		HideSolutionNode = FALSE
	EndGlobalSection
	GlobalSection(NestedProjects) = preSolution
		{6C09559A-8984-4E4A-9BD5-1A7D394A9DB2} = {089A80CA-2518-4C5A-9D24-8FD5FD464257}
		{80E0FFE1-3509-48BD-B301-7BBCB2E523EF} = {6C09559A-8984-4E4A-9BD5-1A7D394A9DB2}
		{7EF50FC2-E991-4C2C-A923-B5DA32500036} = {6C09559A-8984-4E4A-9BD5-1A7D394A9DB2}
	EndGlobalSection
	GlobalSection(ExtensibilityGlobals) = postSolution
		SolutionGuid = {C3EDFEF6-3952-4266-9A8F-C656671F29F9}
	EndGlobalSection
EndGlobal
