
Microsoft Visual Studio Solution File, Format Version 12.00
# Visual Studio Version 17
VisualStudioVersion = 17.7.34031.279
MinimumVisualStudioVersion = 10.0.40219.1
Project("{2150E333-8FDC-42A3-9474-1A3956D46DE8}") = "Ilk_Ay", "Ilk_Ay", "{089A80CA-2518-4C5A-9D24-8FD5FD464257}"
EndProject
Project("{2150E333-8FDC-42A3-9474-1A3956D46DE8}") = "Ilk_Hafta", "Ilk_Hafta", "{6C09559A-8984-4E4A-9BD5-1A7D394A9DB2}"
EndProject
Project("{9A19103F-16F7-4668-BE54-9A1E7A4F7556}") = "06.10.23", "06.10.23\06.10.23.csproj", "{80E0FFE1-3509-48BD-B301-7BBCB2E523EF}"
EndProject
Project("{9A19103F-16F7-4668-BE54-9A1E7A4F7556}") = "09.10.23", "09.10.23\09.10.23.csproj", "{7EF50FC2-E991-4C2C-A923-B5DA32500036}"
EndProject
Project("{9A19103F-16F7-4668-BE54-9A1E7A4F7556}") = "Training_1", "Training_1\Training_1.csproj", "{05714D07-7673-4E60-8A17-D15E23AE0354}"
EndProject
Project("{9A19103F-16F7-4668-BE54-9A1E7A4F7556}") = "Training_2", "Training_2\Training_2.csproj", "{09A2450F-73AC-4ABA-B07C-D2FE2B22AB94}"
EndProject
Project("{9A19103F-16F7-4668-BE54-9A1E7A4F7556}") = "Training_3", "Training_3\Training_3.csproj", "{312F7503-1C17-435F-8942-F44EF2577CB5}"
EndProject
Project("{9A19103F-16F7-4668-BE54-9A1E7A4F7556}") = "Training_4", "Training_4\Training_4.csproj", "{FD0C3607-962C-4AF4-83BD-4DD099CA2043}"
EndProject
Project("{9A19103F-16F7-4668-BE54-9A1E7A4F7556}") = "Training_5", "Training_5\Training_5.csproj", "{F9F9B4C3-D927-4036-ABBF-1C9E16F2669E}"
EndProject
Project("{2150E333-8FDC-42A3-9474-1A3956D46DE8}") = "Ucuncu_Hafta", "Ucuncu_Hafta", "{931CCF4A-099E-40BD-AC2E-BD94E36B0271}"
EndProject
Project("{9A19103F-16F7-4668-BE54-9A1E7A4F7556}") = "23.10.23", "23.10.23\23.10.23.csproj", "{CC3703A2-0C3A-4FF9-B549-9C38ACC1B5F0}"
EndProject
Project("{2150E333-8FDC-42A3-9474-1A3956D46DE8}") = "Odev(ler)", "Odev(ler)", "{F2C88B2F-33A8-46F3-A8A3-E9DC0C5B76B9}"
EndProject
Project("{2150E333-8FDC-42A3-9474-1A3956D46DE8}") = "Odev(ler)", "Odev(ler)", "{0D3346F3-39E8-4113-BF0B-610E62503E17}"
EndProject
Project("{2150E333-8FDC-42A3-9474-1A3956D46DE8}") = "Dorduncu_Hafta", "Dorduncu_Hafta", "{6AA1AFC1-9934-46D2-B0BD-3EB6024DD039}"
EndProject
Project("{9A19103F-16F7-4668-BE54-9A1E7A4F7556}") = "Training_6", "Training_6\Training_6.csproj", "{EBDABF02-7649-4AFF-9ADE-497FDC09D736}"
EndProject
Project("{FAE04EC0-301F-11D3-BF4B-00C04F79EFBC}") = "Training_8", "Training_8\Training_8.csproj", "{2411B39E-96BC-4DFA-88B1-7BD8C205518F}"
EndProject
Global
	GlobalSection(SolutionConfigurationPlatforms) = preSolution
		Debug|Any CPU = Debug|Any CPU
		Release|Any CPU = Release|Any CPU
	EndGlobalSection
	GlobalSection(ProjectConfigurationPlatforms) = postSolution
		{80E0FFE1-3509-48BD-B301-7BBCB2E523EF}.Debug|Any CPU.ActiveCfg = Debug|Any CPU
		{80E0FFE1-3509-48BD-B301-7BBCB2E523EF}.Debug|Any CPU.Build.0 = Debug|Any CPU
		{80E0FFE1-3509-48BD-B301-7BBCB2E523EF}.Release|Any CPU.ActiveCfg = Release|Any CPU
		{80E0FFE1-3509-48BD-B301-7BBCB2E523EF}.Release|Any CPU.Build.0 = Release|Any CPU
		{7EF50FC2-E991-4C2C-A923-B5DA32500036}.Debug|Any CPU.ActiveCfg = Debug|Any CPU
		{7EF50FC2-E991-4C2C-A923-B5DA32500036}.Debug|Any CPU.Build.0 = Debug|Any CPU
		{7EF50FC2-E991-4C2C-A923-B5DA32500036}.Release|Any CPU.ActiveCfg = Release|Any CPU
		{7EF50FC2-E991-4C2C-A923-B5DA32500036}.Release|Any CPU.Build.0 = Release|Any CPU
		{05714D07-7673-4E60-8A17-D15E23AE0354}.Debug|Any CPU.ActiveCfg = Debug|Any CPU
		{05714D07-7673-4E60-8A17-D15E23AE0354}.Debug|Any CPU.Build.0 = Debug|Any CPU
		{05714D07-7673-4E60-8A17-D15E23AE0354}.Release|Any CPU.ActiveCfg = Release|Any CPU
		{05714D07-7673-4E60-8A17-D15E23AE0354}.Release|Any CPU.Build.0 = Release|Any CPU
		{09A2450F-73AC-4ABA-B07C-D2FE2B22AB94}.Debug|Any CPU.ActiveCfg = Debug|Any CPU
		{09A2450F-73AC-4ABA-B07C-D2FE2B22AB94}.Debug|Any CPU.Build.0 = Debug|Any CPU
		{09A2450F-73AC-4ABA-B07C-D2FE2B22AB94}.Release|Any CPU.ActiveCfg = Release|Any CPU
		{09A2450F-73AC-4ABA-B07C-D2FE2B22AB94}.Release|Any CPU.Build.0 = Release|Any CPU
		{312F7503-1C17-435F-8942-F44EF2577CB5}.Debug|Any CPU.ActiveCfg = Debug|Any CPU
		{312F7503-1C17-435F-8942-F44EF2577CB5}.Debug|Any CPU.Build.0 = Debug|Any CPU
		{312F7503-1C17-435F-8942-F44EF2577CB5}.Release|Any CPU.ActiveCfg = Release|Any CPU
		{312F7503-1C17-435F-8942-F44EF2577CB5}.Release|Any CPU.Build.0 = Release|Any CPU
		{FD0C3607-962C-4AF4-83BD-4DD099CA2043}.Debug|Any CPU.ActiveCfg = Debug|Any CPU
		{FD0C3607-962C-4AF4-83BD-4DD099CA2043}.Debug|Any CPU.Build.0 = Debug|Any CPU
		{FD0C3607-962C-4AF4-83BD-4DD099CA2043}.Release|Any CPU.ActiveCfg = Release|Any CPU
		{FD0C3607-962C-4AF4-83BD-4DD099CA2043}.Release|Any CPU.Build.0 = Release|Any CPU
		{F9F9B4C3-D927-4036-ABBF-1C9E16F2669E}.Debug|Any CPU.ActiveCfg = Debug|Any CPU
		{F9F9B4C3-D927-4036-ABBF-1C9E16F2669E}.Debug|Any CPU.Build.0 = Debug|Any CPU
		{F9F9B4C3-D927-4036-ABBF-1C9E16F2669E}.Release|Any CPU.ActiveCfg = Release|Any CPU
		{F9F9B4C3-D927-4036-ABBF-1C9E16F2669E}.Release|Any CPU.Build.0 = Release|Any CPU
		{CC3703A2-0C3A-4FF9-B549-9C38ACC1B5F0}.Debug|Any CPU.ActiveCfg = Debug|Any CPU
		{CC3703A2-0C3A-4FF9-B549-9C38ACC1B5F0}.Debug|Any CPU.Build.0 = Debug|Any CPU
		{CC3703A2-0C3A-4FF9-B549-9C38ACC1B5F0}.Release|Any CPU.ActiveCfg = Release|Any CPU
		{CC3703A2-0C3A-4FF9-B549-9C38ACC1B5F0}.Release|Any CPU.Build.0 = Release|Any CPU
		{EBDABF02-7649-4AFF-9ADE-497FDC09D736}.Debug|Any CPU.ActiveCfg = Debug|Any CPU
		{EBDABF02-7649-4AFF-9ADE-497FDC09D736}.Debug|Any CPU.Build.0 = Debug|Any CPU
		{EBDABF02-7649-4AFF-9ADE-497FDC09D736}.Release|Any CPU.ActiveCfg = Release|Any CPU
		{EBDABF02-7649-4AFF-9ADE-497FDC09D736}.Release|Any CPU.Build.0 = Release|Any CPU
		{2411B39E-96BC-4DFA-88B1-7BD8C205518F}.Debug|Any CPU.ActiveCfg = Debug|Any CPU
		{2411B39E-96BC-4DFA-88B1-7BD8C205518F}.Debug|Any CPU.Build.0 = Debug|Any CPU
		{2411B39E-96BC-4DFA-88B1-7BD8C205518F}.Release|Any CPU.ActiveCfg = Release|Any CPU
		{2411B39E-96BC-4DFA-88B1-7BD8C205518F}.Release|Any CPU.Build.0 = Release|Any CPU
	EndGlobalSection
	GlobalSection(SolutionProperties) = preSolution
		HideSolutionNode = FALSE
	EndGlobalSection
	GlobalSection(NestedProjects) = preSolution
		{6C09559A-8984-4E4A-9BD5-1A7D394A9DB2} = {089A80CA-2518-4C5A-9D24-8FD5FD464257}
		{80E0FFE1-3509-48BD-B301-7BBCB2E523EF} = {F2C88B2F-33A8-46F3-A8A3-E9DC0C5B76B9}
		{7EF50FC2-E991-4C2C-A923-B5DA32500036} = {F2C88B2F-33A8-46F3-A8A3-E9DC0C5B76B9}
		{05714D07-7673-4E60-8A17-D15E23AE0354} = {6C09559A-8984-4E4A-9BD5-1A7D394A9DB2}
		{09A2450F-73AC-4ABA-B07C-D2FE2B22AB94} = {6C09559A-8984-4E4A-9BD5-1A7D394A9DB2}
		{312F7503-1C17-435F-8942-F44EF2577CB5} = {6C09559A-8984-4E4A-9BD5-1A7D394A9DB2}
		{FD0C3607-962C-4AF4-83BD-4DD099CA2043} = {931CCF4A-099E-40BD-AC2E-BD94E36B0271}
		{F9F9B4C3-D927-4036-ABBF-1C9E16F2669E} = {931CCF4A-099E-40BD-AC2E-BD94E36B0271}
		{931CCF4A-099E-40BD-AC2E-BD94E36B0271} = {089A80CA-2518-4C5A-9D24-8FD5FD464257}
		{CC3703A2-0C3A-4FF9-B549-9C38ACC1B5F0} = {0D3346F3-39E8-4113-BF0B-610E62503E17}
		{F2C88B2F-33A8-46F3-A8A3-E9DC0C5B76B9} = {6C09559A-8984-4E4A-9BD5-1A7D394A9DB2}
		{0D3346F3-39E8-4113-BF0B-610E62503E17} = {931CCF4A-099E-40BD-AC2E-BD94E36B0271}
		{6AA1AFC1-9934-46D2-B0BD-3EB6024DD039} = {089A80CA-2518-4C5A-9D24-8FD5FD464257}
		{EBDABF02-7649-4AFF-9ADE-497FDC09D736} = {6AA1AFC1-9934-46D2-B0BD-3EB6024DD039}
		{2411B39E-96BC-4DFA-88B1-7BD8C205518F} = {6AA1AFC1-9934-46D2-B0BD-3EB6024DD039}
	EndGlobalSection
	GlobalSection(ExtensibilityGlobals) = postSolution
		SolutionGuid = {C3EDFEF6-3952-4266-9A8F-C656671F29F9}
	EndGlobalSection
EndGlobal
